
Microsoft Visual Studio Solution File, Format Version 12.00
# Visual Studio Version 16
VisualStudioVersion = 16.0.30907.101
MinimumVisualStudioVersion = 10.0.40219.1
Project("{FAE04EC0-301F-11D3-BF4B-00C04F79EFBC}") = "CursoMVC", "CursoMVC\CursoMVC.csproj", "{2DDF8165-BBFC-441D-94D8-1CE0908604CE}"
EndProject
Project("{FAE04EC0-301F-11D3-BF4B-00C04F79EFBC}") = "CursoAPI", "CursoAPI\CursoAPI.csproj", "{0E111025-91AD-404C-B9E8-D0992DED3CCF}"
EndProject
Global
	GlobalSection(SolutionConfigurationPlatforms) = preSolution
		Debug|Any CPU = Debug|Any CPU
		Release|Any CPU = Release|Any CPU
	EndGlobalSection
	GlobalSection(ProjectConfigurationPlatforms) = postSolution
		{2DDF8165-BBFC-441D-94D8-1CE0908604CE}.Debug|Any CPU.ActiveCfg = Debug|Any CPU
		{2DDF8165-BBFC-441D-94D8-1CE0908604CE}.Debug|Any CPU.Build.0 = Debug|Any CPU
		{2DDF8165-BBFC-441D-94D8-1CE0908604CE}.Release|Any CPU.ActiveCfg = Release|Any CPU
		{2DDF8165-BBFC-441D-94D8-1CE0908604CE}.Release|Any CPU.Build.0 = Release|Any CPU
		{0E111025-91AD-404C-B9E8-D0992DED3CCF}.Debug|Any CPU.ActiveCfg = Debug|Any CPU
		{0E111025-91AD-404C-B9E8-D0992DED3CCF}.Debug|Any CPU.Build.0 = Debug|Any CPU
		{0E111025-91AD-404C-B9E8-D0992DED3CCF}.Release|Any CPU.ActiveCfg = Release|Any CPU
		{0E111025-91AD-404C-B9E8-D0992DED3CCF}.Release|Any CPU.Build.0 = Release|Any CPU
	EndGlobalSection
	GlobalSection(SolutionProperties) = preSolution
		HideSolutionNode = FALSE
	EndGlobalSection
	GlobalSection(ExtensibilityGlobals) = postSolution
		SolutionGuid = {1BCB8800-6ED8-41AD-A63C-C04BD380E567}
	EndGlobalSection
EndGlobal
